# This file is automatically @generated by Cargo.
# It is not intended for manual editing.
version = 4

[[package]]
name = "asn1-rs"
version = "0.6.2"
source = "registry+https://github.com/rust-lang/crates.io-index"
checksum = "5493c3bedbacf7fd7382c6346bbd66687d12bbaad3a89a2d2c303ee6cf20b048"
dependencies = [
 "asn1-rs-derive",
 "asn1-rs-impl",
 "displaydoc",
 "nom",
 "num-traits",
 "rusticata-macros",
 "thiserror 1.0.69",
 "time",
]

[[package]]
name = "asn1-rs-derive"
version = "0.5.1"
source = "registry+https://github.com/rust-lang/crates.io-index"
checksum = "965c2d33e53cb6b267e148a4cb0760bc01f4904c1cd4bb4002a085bb016d1490"
dependencies = [
 "proc-macro2",
 "quote",
 "syn",
 "synstructure",
]

[[package]]
name = "asn1-rs-impl"
version = "0.2.0"
source = "registry+https://github.com/rust-lang/crates.io-index"
checksum = "7b18050c2cd6fe86c3a76584ef5e0baf286d038cda203eb6223df2cc413565f7"
dependencies = [
 "proc-macro2",
 "quote",
 "syn",
]

[[package]]
name = "autocfg"
version = "1.5.0"
source = "registry+https://github.com/rust-lang/crates.io-index"
checksum = "c08606f8c3cbf4ce6ec8e28fb0014a2c086708fe954eaa885384a6165172e7e8"

[[package]]
name = "base16ct"
version = "0.2.0"
source = "registry+https://github.com/rust-lang/crates.io-index"
checksum = "4c7f02d4ea65f2c1853089ffd8d2787bdbc63de2f0d29dedbcf8ccdfa0ccd4cf"

[[package]]
name = "base64"
version = "0.22.1"
source = "registry+https://github.com/rust-lang/crates.io-index"
checksum = "72b3254f16251a8381aa12e40e3c4d2f0199f8c6508fbecb9d91f575e0fbb8c6"

[[package]]
name = "base64ct"
version = "1.8.3"
source = "registry+https://github.com/rust-lang/crates.io-index"
checksum = "2af50177e190e07a26ab74f8b1efbfe2ef87da2116221318cb1c2e82baf7de06"

[[package]]
name = "bitflags"
version = "2.11.1"
source = "registry+https://github.com/rust-lang/crates.io-index"
checksum = "c4512299f36f043ab09a583e57bceb5a5aab7a73db1805848e8fef3c9e8c78b3"

[[package]]
name = "bitvec"
version = "1.0.1"
source = "registry+https://github.com/rust-lang/crates.io-index"
checksum = "1bc2832c24239b0141d5674bb9174f9d68a8b5b3f2753311927c172ca46f7e9c"
dependencies = [
 "funty",
 "radium",
 "tap",
 "wyz",
]

[[package]]
name = "block-buffer"
version = "0.10.4"
source = "registry+https://github.com/rust-lang/crates.io-index"
checksum = "3078c7629b62d3f0439517fa394996acacc5cbc91c5a20d8c658e77abd503a71"
dependencies = [
 "generic-array",
]

[[package]]
name = "blst"
version = "0.3.16"
source = "registry+https://github.com/rust-lang/crates.io-index"
checksum = "dcdb4c7013139a150f9fc55d123186dbfaba0d912817466282c73ac49e71fb45"
dependencies = [
 "cc",
 "glob",
 "threadpool",
 "zeroize",
]

[[package]]
name = "bumpalo"
version = "3.20.2"
source = "registry+https://github.com/rust-lang/crates.io-index"
checksum = "5d20789868f4b01b2f2caec9f5c4e0213b41e3e5702a50157d699ae31ced2fcb"

[[package]]
name = "bytemuck"
version = "1.25.0"
source = "registry+https://github.com/rust-lang/crates.io-index"
checksum = "c8efb64bd706a16a1bdde310ae86b351e4d21550d98d056f22f8a7f7a2183fec"

[[package]]
name = "bytes"
version = "1.11.1"
source = "registry+https://github.com/rust-lang/crates.io-index"
checksum = "1e748733b7cbc798e1434b6ac524f0c1ff2ab456fe201501e6497c8417a4fc33"

[[package]]
name = "cc"
version = "1.2.60"
source = "registry+https://github.com/rust-lang/crates.io-index"
checksum = "43c5703da9466b66a946814e1adf53ea2c90f10063b86290cc9eb67ce3478a20"
dependencies = [
 "find-msvc-tools",
 "jobserver",
 "libc",
 "shlex",
]

[[package]]
name = "cfg-if"
version = "1.0.4"
source = "registry+https://github.com/rust-lang/crates.io-index"
checksum = "9330f8b2ff13f34540b44e946ef35111825727b38d33286ef986142615121801"

[[package]]
name = "chia"
version = "0.42.0"
source = "registry+https://github.com/rust-lang/crates.io-index"
checksum = "ff1f2c3905a718d77dd48a4f4653e1b29c9e39cd599c2de8fccb10970c563049"
dependencies = [
 "chia-bls 0.42.0",
 "chia-client",
 "chia-consensus",
 "chia-datalayer",
 "chia-protocol",
 "chia-puzzle-types",
 "chia-secp",
 "chia-serde",
 "chia-sha2 0.42.0",
 "chia-ssl",
 "chia-traits 0.42.0",
 "clvm-traits",
 "clvm-utils",
 "clvmr",
]

[[package]]
name = "chia-bls"
version = "0.36.1"
source = "registry+https://github.com/rust-lang/crates.io-index"
checksum = "4f02cbfd038d9050d45edbe8f38e09391c73479c0cca5b37925daf48c4d4fcd4"
dependencies = [
 "blst",
 "chia-sha2 0.36.1",
 "chia-traits 0.36.1",
 "hex",
 "hkdf",
 "linked-hash-map",
 "sha2",
 "thiserror 1.0.69",
]

[[package]]
name = "chia-bls"
version = "0.42.0"
source = "registry+https://github.com/rust-lang/crates.io-index"
checksum = "8663dc7139234c60fccddc0babeb5b0a0a55b14943d74c73ac8aad130c5b79e3"
dependencies = [
 "blst",
 "chia-serde",
 "chia-sha2 0.42.0",
 "chia-traits 0.42.0",
 "hex",
 "hkdf",
 "linked-hash-map",
 "serde",
 "sha2",
 "thiserror 1.0.69",
]

[[package]]
name = "chia-client"
version = "0.42.0"
source = "registry+https://github.com/rust-lang/crates.io-index"
checksum = "94ac8dd18a221700f784a5d9b0dea1bc4b03dc63233d7fa88242850850ca4986"
dependencies = [
 "chia-protocol",
 "chia-traits 0.42.0",
 "futures-util",
 "thiserror 1.0.69",
 "tokio",
 "tokio-tungstenite",
 "tungstenite",
]

[[package]]
name = "chia-consensus"
version = "0.42.0"
source = "registry+https://github.com/rust-lang/crates.io-index"
checksum = "9ab48342827ee3f2a6ddf1b621952081b585ca62c8534bf11e4d79d0ded1669a"
dependencies = [
 "bitflags",
 "chia-bls 0.42.0",
 "chia-protocol",
 "chia-puzzle-types",
 "chia-puzzles",
 "chia-sha2 0.42.0",
 "chia-traits 0.42.0",
 "chia_streamable_macro 0.42.0",
 "clvm-traits",
 "clvm-utils",
 "clvmr",
 "hex",
 "hex-literal",
 "thiserror 1.0.69",
]

[[package]]
name = "chia-datalayer"
version = "0.42.0"
source = "registry+https://github.com/rust-lang/crates.io-index"
checksum = "17bdacbf0f7e57a31facc7880dea9db7af34f01280598f445587befda8ecee74"
dependencies = [
 "bitvec",
 "chia-datalayer-macro",
 "chia-protocol",
 "chia-sha2 0.42.0",
 "chia-traits 0.42.0",
 "chia_streamable_macro 0.42.0",
 "indexmap",
 "num-traits",
 "rayon",
 "thiserror 1.0.69",
 "zstd",
]

[[package]]
name = "chia-datalayer-macro"
version = "0.42.0"
source = "registry+https://github.com/rust-lang/crates.io-index"
checksum = "4f33bdc86543a3533f7702950716cfcd79f3573a6e32dccdb94aa214880f4a56"
dependencies = [
 "proc-macro2",
 "quote",
 "syn",
]

[[package]]
name = "chia-pos2"
version = "0.4.2"
source = "registry+https://github.com/rust-lang/crates.io-index"
checksum = "1aa3b1e899706eb86eb8d3d6d5e0f6f59259a3603d2a32aaae8c405f3814efc3"
dependencies = [
 "cc",
 "serde",
 "serde-big-array",
]

[[package]]
name = "chia-protocol"
version = "0.42.0"
source = "registry+https://github.com/rust-lang/crates.io-index"
checksum = "cdc892cfa173c108616fdf35e18171cefd08194d19b1d5e2e1e9fc11f12f7cd1"
dependencies = [
 "chia-bls 0.42.0",
 "chia-pos2",
 "chia-serde",
 "chia-sha2 0.42.0",
 "chia-traits 0.42.0",
 "chia_streamable_macro 0.42.0",
 "clvm-traits",
 "clvm-utils",
 "clvmr",
 "hex",
 "serde",
 "serde_arrays",
]

[[package]]
name = "chia-puzzle-types"
version = "0.42.0"
source = "registry+https://github.com/rust-lang/crates.io-index"
checksum = "03b1edf1301a483e6ec62895b9878bfe1c4333dec2b46fc620da68833af873a0"
dependencies = [
 "chia-bls 0.42.0",
 "chia-protocol",
 "chia-puzzles",
 "chia-sha2 0.42.0",
 "clvm-traits",
 "clvm-utils",
 "clvmr",
 "hex-literal",
 "num-bigint",
]

[[package]]
name = "chia-puzzles"
version = "0.20.3"
source = "registry+https://github.com/rust-lang/crates.io-index"
checksum = "553363ce9550cfde0ae1306a0a79bf9afd36ea09e0222b874b6287b44ad9d178"
dependencies = [
 "hex",
 "hex-literal",
]

[[package]]
name = "chia-secp"
version = "0.42.0"
source = "registry+https://github.com/rust-lang/crates.io-index"
checksum = "82c0c0303a91f6190b26ba8778f7b38438e79df02a5631b80269d3aa36372a76"
dependencies = [
 "chia-sha2 0.42.0",
 "hex",
 "k256",
 "p256",
]

[[package]]
name = "chia-serde"
version = "0.42.0"
source = "registry+https://github.com/rust-lang/crates.io-index"
checksum = "af1210c70b885f21cc76f70d11f58232078af9cc9f9a79cdfc57e60277b8e349"
dependencies = [
 "hex",
 "serde",
]

[[package]]
name = "chia-sha2"
version = "0.36.1"
source = "registry+https://github.com/rust-lang/crates.io-index"
checksum = "0934b0d6b878f29ba6c958e56e4b7158f9e687c200ffdca141dbc408a5cce42e"
dependencies = [
 "sha2",
]

[[package]]
name = "chia-sha2"
version = "0.42.0"
source = "registry+https://github.com/rust-lang/crates.io-index"
checksum = "d6636ca8bba852fc516eacf01b2c3964b6b290359e7d1e89b950e6754e2a1082"
dependencies = [
 "sha2",
]

[[package]]
name = "chia-ssl"
version = "0.42.0"
source = "registry+https://github.com/rust-lang/crates.io-index"
checksum = "adf4c313cbc47bef52e66667369092d2125a54cf544dab8c80af62e9a3ba5b88"
dependencies = [
 "rand 0.8.6",
 "rcgen",
 "rsa",
 "thiserror 1.0.69",
 "time",
]

[[package]]
name = "chia-traits"
version = "0.36.1"
source = "registry+https://github.com/rust-lang/crates.io-index"
checksum = "1f4922b447b2d8418213948af1a448c3ca7b84e149b51b2c87a2e00e80bb19b0"
dependencies = [
 "chia-sha2 0.36.1",
 "chia_streamable_macro 0.36.1",
 "thiserror 1.0.69",
]

[[package]]
name = "chia-traits"
version = "0.42.0"
source = "registry+https://github.com/rust-lang/crates.io-index"
checksum = "3517dcf2b743672c78339ef8d222fd4493ae48741c35dd5ffb2d9dba90417115"
dependencies = [
 "chia-sha2 0.42.0",
 "chia_streamable_macro 0.42.0",
 "thiserror 1.0.69",
]

[[package]]
name = "chia_streamable_macro"
version = "0.36.1"
source = "registry+https://github.com/rust-lang/crates.io-index"
checksum = "2b60cefc5fe39f695816d42a327cbefad3d6d6a8ecadad1b58d7507067c25da8"
dependencies = [
 "proc-macro-crate",
 "proc-macro2",
 "quote",
 "syn",
]

[[package]]
name = "chia_streamable_macro"
version = "0.42.0"
source = "registry+https://github.com/rust-lang/crates.io-index"
checksum = "41f85fb91e5ddba8003c4c4ad13c7914b1ff733d92136805c6566de227321d49"
dependencies = [
 "proc-macro-crate",
 "proc-macro2",
 "quote",
 "syn",
]

[[package]]
name = "clvm-derive"
version = "0.42.0"
source = "registry+https://github.com/rust-lang/crates.io-index"
checksum = "c36701a2ef2927ae10d4b61fa4fac6e6eb005dc649162087024d0dad638472cd"
dependencies = [
 "proc-macro2",
 "quote",
 "syn",
]

[[package]]
name = "clvm-traits"
version = "0.42.0"
source = "registry+https://github.com/rust-lang/crates.io-index"
checksum = "81b67b2b55935806d2c9543b8638a7705012cd12fae2400b9f586682d972b8d5"
dependencies = [
 "chia-bls 0.42.0",
 "chia-secp",
 "clvm-derive",
 "clvmr",
 "num-bigint",
 "thiserror 1.0.69",
]

[[package]]
name = "clvm-utils"
version = "0.42.0"
source = "registry+https://github.com/rust-lang/crates.io-index"
checksum = "fcccf59351d3ab5981b994a124f7ee1583d33deef20f3d4bb7df3f4731c07491"
dependencies = [
 "chia-sha2 0.42.0",
 "clvm-traits",
 "clvmr",
 "hex",
 "hex-literal",
]

[[package]]
name = "clvmr"
version = "0.17.5"
source = "registry+https://github.com/rust-lang/crates.io-index"
checksum = "56b333963b083468df9a15602fcc3a24fa3f8c3964569fb9d2415ac70c0820e9"
dependencies = [
 "bitflags",
 "bitvec",
 "bumpalo",
 "chia-bls 0.36.1",
 "chia-sha2 0.36.1",
 "hex",
 "hex-literal",
 "k256",
 "lazy_static",
 "malachite-bigint",
 "num-bigint",
 "num-integer",
 "num-traits",
 "p256",
 "rand 0.8.6",
 "sha1",
 "sha3",
 "thiserror 1.0.69",
]

[[package]]
name = "const-oid"
version = "0.9.6"
source = "registry+https://github.com/rust-lang/crates.io-index"
checksum = "c2459377285ad874054d797f3ccebf984978aa39129f6eafde5cdc8315b612f8"

[[package]]
name = "cpufeatures"
version = "0.2.17"
source = "registry+https://github.com/rust-lang/crates.io-index"
checksum = "59ed5838eebb26a2bb2e58f6d5b5316989ae9d08bab10e0e6d103e656d1b0280"
dependencies = [
 "libc",
]

[[package]]
name = "crossbeam-deque"
version = "0.8.6"
source = "registry+https://github.com/rust-lang/crates.io-index"
checksum = "9dd111b7b7f7d55b72c0a6ae361660ee5853c9af73f70c3c2ef6858b950e2e51"
dependencies = [
 "crossbeam-epoch",
 "crossbeam-utils",
]

[[package]]
name = "crossbeam-epoch"
version = "0.9.18"
source = "registry+https://github.com/rust-lang/crates.io-index"
checksum = "5b82ac4a3c2ca9c3460964f020e1402edd5753411d7737aa39c3714ad1b5420e"
dependencies = [
 "crossbeam-utils",
]

[[package]]
name = "crossbeam-utils"
version = "0.8.21"
source = "registry+https://github.com/rust-lang/crates.io-index"
checksum = "d0a5c400df2834b80a4c3327b3aad3a4c4cd4de0629063962b03235697506a28"

[[package]]
name = "crypto-bigint"
version = "0.5.5"
source = "registry+https://github.com/rust-lang/crates.io-index"
checksum = "0dc92fb57ca44df6db8059111ab3af99a63d5d0f8375d9972e319a379c6bab76"
dependencies = [
 "generic-array",
 "rand_core 0.6.4",
 "subtle",
 "zeroize",
]

[[package]]
name = "crypto-common"
version = "0.1.6"
source = "registry+https://github.com/rust-lang/crates.io-index"
checksum = "1bfb12502f3fc46cca1bb51ac28df9d618d813cdc3d2f25b9fe775a34af26bb3"
dependencies = [
 "generic-array",
 "typenum",
]

[[package]]
name = "data-encoding"
version = "2.10.0"
source = "registry+https://github.com/rust-lang/crates.io-index"
checksum = "d7a1e2f27636f116493b8b860f5546edb47c8d8f8ea73e1d2a20be88e28d1fea"

[[package]]
name = "der"
version = "0.7.10"
source = "registry+https://github.com/rust-lang/crates.io-index"
checksum = "e7c1832837b905bbfb5101e07cc24c8deddf52f93225eee6ead5f4d63d53ddcb"
dependencies = [
 "const-oid",
 "pem-rfc7468",
 "zeroize",
]

[[package]]
name = "der-parser"
version = "9.0.0"
source = "registry+https://github.com/rust-lang/crates.io-index"
checksum = "5cd0a5c643689626bec213c4d8bd4d96acc8ffdb4ad4bb6bc16abf27d5f4b553"
dependencies = [
 "asn1-rs",
 "displaydoc",
 "nom",
 "num-bigint",
 "num-traits",
 "rusticata-macros",
]

[[package]]
name = "deranged"
version = "0.5.8"
source = "registry+https://github.com/rust-lang/crates.io-index"
checksum = "7cd812cc2bc1d69d4764bd80df88b4317eaef9e773c75226407d9bc0876b211c"
dependencies = [
 "powerfmt",
]

[[package]]
name = "digest"
version = "0.10.7"
source = "registry+https://github.com/rust-lang/crates.io-index"
checksum = "9ed9a281f7bc9b7576e61468ba615a66a5c8cfdff42420a70aa82701a3b1e292"
dependencies = [
 "block-buffer",
 "const-oid",
 "crypto-common",
 "subtle",
]

[[package]]
name = "displaydoc"
version = "0.2.5"
source = "registry+https://github.com/rust-lang/crates.io-index"
checksum = "97369cbbc041bc366949bc74d34658d6cda5621039731c6310521892a3a20ae0"
dependencies = [
 "proc-macro2",
 "quote",
 "syn",
]

[[package]]
name = "ecdsa"
version = "0.16.9"
source = "registry+https://github.com/rust-lang/crates.io-index"
checksum = "ee27f32b5c5292967d2d4a9d7f1e0b0aed2c15daded5a60300e4abb9d8020bca"
dependencies = [
 "der",
 "digest",
 "elliptic-curve",
 "rfc6979",
 "signature",
 "spki",
]

[[package]]
name = "either"
version = "1.15.0"
source = "registry+https://github.com/rust-lang/crates.io-index"
checksum = "48c757948c5ede0e46177b7add2e67155f70e33c07fea8284df6576da70b3719"

[[package]]
name = "elliptic-curve"
version = "0.13.8"
source = "registry+https://github.com/rust-lang/crates.io-index"
checksum = "b5e6043086bf7973472e0c7dff2142ea0b680d30e18d9cc40f267efbf222bd47"
dependencies = [
 "base16ct",
 "crypto-bigint",
 "digest",
 "ff",
 "generic-array",
 "group",
 "pem-rfc7468",
 "pkcs8",
 "rand_core 0.6.4",
 "sec1",
 "subtle",
 "zeroize",
]

[[package]]
name = "equivalent"
version = "1.0.2"
source = "registry+https://github.com/rust-lang/crates.io-index"
checksum = "877a4ace8713b0bcf2a4e7eec82529c029f1d0619886d18145fea96c3ffe5c0f"

[[package]]
name = "ff"
version = "0.13.1"
source = "registry+https://github.com/rust-lang/crates.io-index"
checksum = "c0b50bfb653653f9ca9095b427bed08ab8d75a137839d9ad64eb11810d5b6393"
dependencies = [
 "rand_core 0.6.4",
 "subtle",
]

[[package]]
name = "find-msvc-tools"
version = "0.1.9"
source = "registry+https://github.com/rust-lang/crates.io-index"
checksum = "5baebc0774151f905a1a2cc41989300b1e6fbb29aff0ceffa1064fdd3088d582"

[[package]]
name = "foldhash"
version = "0.2.0"
source = "registry+https://github.com/rust-lang/crates.io-index"
checksum = "77ce24cb58228fbb8aa041425bb1050850ac19177686ea6e0f41a70416f56fdb"

[[package]]
name = "funty"
version = "2.0.0"
source = "registry+https://github.com/rust-lang/crates.io-index"
checksum = "e6d5a32815ae3f33302d95fdcb2ce17862f8c65363dcfd29360480ba1001fc9c"

[[package]]
name = "futures-core"
version = "0.3.32"
source = "registry+https://github.com/rust-lang/crates.io-index"
checksum = "7e3450815272ef58cec6d564423f6e755e25379b217b0bc688e295ba24df6b1d"

[[package]]
name = "futures-macro"
version = "0.3.32"
source = "registry+https://github.com/rust-lang/crates.io-index"
checksum = "e835b70203e41293343137df5c0664546da5745f82ec9b84d40be8336958447b"
dependencies = [
 "proc-macro2",
 "quote",
 "syn",
]

[[package]]
name = "futures-sink"
version = "0.3.32"
source = "registry+https://github.com/rust-lang/crates.io-index"
checksum = "c39754e157331b013978ec91992bde1ac089843443c49cbc7f46150b0fad0893"

[[package]]
name = "futures-task"
version = "0.3.32"
source = "registry+https://github.com/rust-lang/crates.io-index"
checksum = "037711b3d59c33004d3856fbdc83b99d4ff37a24768fa1be9ce3538a1cde4393"

[[package]]
name = "futures-util"
version = "0.3.32"
source = "registry+https://github.com/rust-lang/crates.io-index"
checksum = "389ca41296e6190b48053de0321d02a77f32f8a5d2461dd38762c0593805c6d6"
dependencies = [
 "futures-core",
 "futures-macro",
 "futures-sink",
 "futures-task",
 "pin-project-lite",
 "slab",
]

[[package]]
name = "generic-array"
version = "0.14.9"
source = "registry+https://github.com/rust-lang/crates.io-index"
checksum = "4bb6743198531e02858aeaea5398fcc883e71851fcbcb5a2f773e2fb6cb1edf2"
dependencies = [
 "typenum",
 "version_check",
 "zeroize",
]

[[package]]
name = "getrandom"
version = "0.2.17"
source = "registry+https://github.com/rust-lang/crates.io-index"
checksum = "ff2abc00be7fca6ebc474524697ae276ad847ad0a6b3faa4bcb027e9a4614ad0"
dependencies = [
 "cfg-if",
 "libc",
 "wasi",
]

[[package]]
name = "getrandom"
version = "0.3.4"
source = "registry+https://github.com/rust-lang/crates.io-index"
checksum = "899def5c37c4fd7b2664648c28120ecec138e4d395b459e5ca34f9cce2dd77fd"
dependencies = [
 "cfg-if",
 "libc",
 "r-efi",
 "wasip2",
]

[[package]]
name = "glob"
version = "0.3.3"
source = "registry+https://github.com/rust-lang/crates.io-index"
checksum = "0cc23270f6e1808e30a928bdc84dea0b9b4136a8bc82338574f23baf47bbd280"

[[package]]
name = "group"
version = "0.13.0"
source = "registry+https://github.com/rust-lang/crates.io-index"
checksum = "f0f9ef7462f7c099f518d754361858f86d8a07af53ba9af0fe635bbccb151a63"
dependencies = [
 "ff",
 "rand_core 0.6.4",
 "subtle",
]

[[package]]
name = "hashbrown"
version = "0.16.1"
source = "registry+https://github.com/rust-lang/crates.io-index"
checksum = "841d1cc9bed7f9236f321df977030373f4a4163ae1a7dbfe1a51a2c1a51d9100"
dependencies = [
 "foldhash",
]

[[package]]
name = "hashbrown"
version = "0.17.0"
source = "registry+https://github.com/rust-lang/crates.io-index"
checksum = "4f467dd6dccf739c208452f8014c75c18bb8301b050ad1cfb27153803edb0f51"

[[package]]
name = "hermit-abi"
version = "0.5.2"
source = "registry+https://github.com/rust-lang/crates.io-index"
checksum = "fc0fef456e4baa96da950455cd02c081ca953b141298e41db3fc7e36b1da849c"

[[package]]
name = "hex"
version = "0.4.3"
source = "registry+https://github.com/rust-lang/crates.io-index"
checksum = "7f24254aa9a54b5c858eaee2f5bccdb46aaf0e486a595ed5fd8f86ba55232a70"

[[package]]
name = "hex-literal"
version = "0.4.1"
source = "registry+https://github.com/rust-lang/crates.io-index"
checksum = "6fe2267d4ed49bc07b63801559be28c718ea06c4738b7a03c94df7386d2cde46"

[[package]]
name = "hkdf"
version = "0.12.4"
source = "registry+https://github.com/rust-lang/crates.io-index"
checksum = "7b5f8eb2ad728638ea2c7d47a21db23b7b58a72ed6a38256b8a1849f15fbbdf7"
dependencies = [
 "hmac",
]

[[package]]
name = "hmac"
version = "0.12.1"
source = "registry+https://github.com/rust-lang/crates.io-index"
checksum = "6c49c37c09c17a53d937dfbb742eb3a961d65a994e6bcdcf37e7399d0cc8ab5e"
dependencies = [
 "digest",
]

[[package]]
name = "http"
version = "1.4.0"
source = "registry+https://github.com/rust-lang/crates.io-index"
checksum = "e3ba2a386d7f85a81f119ad7498ebe444d2e22c2af0b86b069416ace48b3311a"
dependencies = [
 "bytes",
 "itoa",
]

[[package]]
name = "httparse"
version = "1.10.1"
source = "registry+https://github.com/rust-lang/crates.io-index"
checksum = "6dbf3de79e51f3d586ab4cb9d5c3e2c14aa28ed23d180cf89b4df0454a69cc87"

[[package]]
name = "indexmap"
version = "2.14.0"
source = "registry+https://github.com/rust-lang/crates.io-index"
checksum = "d466e9454f08e4a911e14806c24e16fba1b4c121d1ea474396f396069cf949d9"
dependencies = [
 "equivalent",
 "hashbrown 0.17.0",
]

[[package]]
name = "itertools"
version = "0.14.0"
source = "registry+https://github.com/rust-lang/crates.io-index"
checksum = "2b192c782037fadd9cfa75548310488aabdbf3d2da73885b31bd0abd03351285"
dependencies = [
 "either",
]

[[package]]
name = "itoa"
version = "1.0.18"
source = "registry+https://github.com/rust-lang/crates.io-index"
checksum = "8f42a60cbdf9a97f5d2305f08a87dc4e09308d1276d28c869c684d7777685682"

[[package]]
name = "jobserver"
version = "0.1.34"
source = "registry+https://github.com/rust-lang/crates.io-index"
checksum = "9afb3de4395d6b3e67a780b6de64b51c978ecf11cb9a462c66be7d4ca9039d33"
dependencies = [
 "getrandom 0.3.4",
 "libc",
]

[[package]]
name = "k256"
version = "0.13.4"
source = "registry+https://github.com/rust-lang/crates.io-index"
checksum = "f6e3919bbaa2945715f0bb6d3934a173d1e9a59ac23767fbaaef277265a7411b"
dependencies = [
 "cfg-if",
 "ecdsa",
 "elliptic-curve",
 "once_cell",
 "sha2",
 "signature",
]

[[package]]
name = "keccak"
version = "0.1.6"
source = "registry+https://github.com/rust-lang/crates.io-index"
checksum = "cb26cec98cce3a3d96cbb7bced3c4b16e3d13f27ec56dbd62cbc8f39cfb9d653"
dependencies = [
 "cpufeatures",
]

[[package]]
name = "lazy_static"
version = "1.5.0"
source = "registry+https://github.com/rust-lang/crates.io-index"
checksum = "bbd2bcb4c963f2ddae06a2efc7e9f3591312473c50c6685e1f298068316e66fe"
dependencies = [
 "spin",
]

[[package]]
name = "libc"
version = "0.2.185"
source = "registry+https://github.com/rust-lang/crates.io-index"
checksum = "52ff2c0fe9bc6cb6b14a0592c2ff4fa9ceb83eea9db979b0487cd054946a2b8f"

[[package]]
name = "libm"
version = "0.2.16"
source = "registry+https://github.com/rust-lang/crates.io-index"
checksum = "b6d2cec3eae94f9f509c767b45932f1ada8350c4bdb85af2fcab4a3c14807981"

[[package]]
name = "linked-hash-map"
version = "0.5.6"
source = "registry+https://github.com/rust-lang/crates.io-index"
checksum = "0717cef1bc8b636c6e1c1bbdefc09e6322da8a9321966e8928ef80d20f7f770f"

[[package]]
name = "log"
version = "0.4.29"
source = "registry+https://github.com/rust-lang/crates.io-index"
checksum = "5e5032e24019045c762d3c0f28f5b6b8bbf38563a65908389bf7978758920897"

[[package]]
name = "malachite-base"
version = "0.9.1"
source = "registry+https://github.com/rust-lang/crates.io-index"
checksum = "a8b6f86fdbb1eb9955946be91775239dfcb0acdb1a51bb07d5fc9b8c854f5ccd"
dependencies = [
 "hashbrown 0.16.1",
 "itertools",
 "libm",
 "ryu",
]

[[package]]
name = "malachite-bigint"
version = "0.9.1"
source = "registry+https://github.com/rust-lang/crates.io-index"
checksum = "67fcd6e504ffc67db2b3c6d5e90e08054646e2b04f42115a5460bf1c1e37d3bc"
dependencies = [
 "malachite-base",
 "malachite-nz",
 "num-integer",
 "num-traits",
 "paste",
]

[[package]]
name = "malachite-nz"
version = "0.9.1"
source = "registry+https://github.com/rust-lang/crates.io-index"
checksum = "0197a2f5cfee19d59178e282985c6ca79a9233e26a2adcf40acb693896aa09f6"
dependencies = [
 "itertools",
 "libm",
 "malachite-base",
 "wide",
]

[[package]]
name = "memchr"
version = "2.8.0"
source = "registry+https://github.com/rust-lang/crates.io-index"
checksum = "f8ca58f447f06ed17d5fc4043ce1b10dd205e060fb3ce5b979b8ed8e59ff3f79"

[[package]]
name = "minimal-lexical"
version = "0.2.1"
source = "registry+https://github.com/rust-lang/crates.io-index"
checksum = "68354c5c6bd36d73ff3feceb05efa59b6acb7626617f4962be322a825e61f79a"

[[package]]
name = "mio"
version = "1.2.0"
source = "registry+https://github.com/rust-lang/crates.io-index"
checksum = "50b7e5b27aa02a74bac8c3f23f448f8d87ff11f92d3aac1a6ed369ee08cc56c1"
dependencies = [
 "libc",
 "wasi",
 "windows-sys 0.61.2",
]

[[package]]
name = "nom"
version = "7.1.3"
source = "registry+https://github.com/rust-lang/crates.io-index"
checksum = "d273983c5a657a70a3e8f2a01329822f3b8c8172b73826411a55751e404a0a4a"
dependencies = [
 "memchr",
 "minimal-lexical",
]

[[package]]
name = "num-bigint"
version = "0.4.6"
source = "registry+https://github.com/rust-lang/crates.io-index"
checksum = "a5e44f723f1133c9deac646763579fdb3ac745e418f2a7af9cd0c431da1f20b9"
dependencies = [
 "num-integer",
 "num-traits",
]

[[package]]
name = "num-bigint-dig"
version = "0.8.6"
source = "registry+https://github.com/rust-lang/crates.io-index"
checksum = "e661dda6640fad38e827a6d4a310ff4763082116fe217f279885c97f511bb0b7"
dependencies = [
 "lazy_static",
 "libm",
 "num-integer",
 "num-iter",
 "num-traits",
 "rand 0.8.6",
 "smallvec",
 "zeroize",
]

[[package]]
name = "num-conv"
version = "0.2.1"
source = "registry+https://github.com/rust-lang/crates.io-index"
checksum = "c6673768db2d862beb9b39a78fdcb1a69439615d5794a1be50caa9bc92c81967"

[[package]]
name = "num-integer"
version = "0.1.46"
source = "registry+https://github.com/rust-lang/crates.io-index"
checksum = "7969661fd2958a5cb096e56c8e1ad0444ac2bbcd0061bd28660485a44879858f"
dependencies = [
 "num-traits",
]

[[package]]
name = "num-iter"
version = "0.1.45"
source = "registry+https://github.com/rust-lang/crates.io-index"
checksum = "1429034a0490724d0075ebb2bc9e875d6503c3cf69e235a8941aa757d83ef5bf"
dependencies = [
 "autocfg",
 "num-integer",
 "num-traits",
]

[[package]]
name = "num-traits"
version = "0.2.19"
source = "registry+https://github.com/rust-lang/crates.io-index"
checksum = "071dfc062690e90b734c0b2273ce72ad0ffa95f0c74596bc250dcfd960262841"
dependencies = [
 "autocfg",
 "libm",
]

[[package]]
name = "num_cpus"
version = "1.17.0"
source = "registry+https://github.com/rust-lang/crates.io-index"
checksum = "91df4bbde75afed763b708b7eee1e8e7651e02d97f6d5dd763e89367e957b23b"
dependencies = [
 "hermit-abi",
 "libc",
]

[[package]]
name = "oid-registry"
version = "0.7.1"
source = "registry+https://github.com/rust-lang/crates.io-index"
checksum = "a8d8034d9489cdaf79228eb9f6a3b8d7bb32ba00d6645ebd48eef4077ceb5bd9"
dependencies = [
 "asn1-rs",
]

[[package]]
name = "once_cell"
version = "1.21.4"
source = "registry+https://github.com/rust-lang/crates.io-index"
checksum = "9f7c3e4beb33f85d45ae3e3a1792185706c8e16d043238c593331cc7cd313b50"

[[package]]
name = "p256"
version = "0.13.2"
source = "registry+https://github.com/rust-lang/crates.io-index"
checksum = "c9863ad85fa8f4460f9c48cb909d38a0d689dba1f6f6988a5e3e0d31071bcd4b"
dependencies = [
 "ecdsa",
 "elliptic-curve",
 "primeorder",
 "sha2",
]

[[package]]
name = "paste"
version = "1.0.15"
source = "registry+https://github.com/rust-lang/crates.io-index"
checksum = "57c0d7b74b563b49d38dae00a0c37d4d6de9b432382b2892f0574ddcae73fd0a"

[[package]]
name = "pem"
version = "3.0.6"
source = "registry+https://github.com/rust-lang/crates.io-index"
checksum = "1d30c53c26bc5b31a98cd02d20f25a7c8567146caf63ed593a9d87b2775291be"
dependencies = [
 "base64",
 "serde_core",
]

[[package]]
name = "pem-rfc7468"
version = "0.7.0"
source = "registry+https://github.com/rust-lang/crates.io-index"
checksum = "88b39c9bfcfc231068454382784bb460aae594343fb030d46e9f50a645418412"
dependencies = [
 "base64ct",
]

[[package]]
name = "pin-project-lite"
version = "0.2.17"
source = "registry+https://github.com/rust-lang/crates.io-index"
checksum = "a89322df9ebe1c1578d689c92318e070967d1042b512afbe49518723f4e6d5cd"

[[package]]
name = "pkcs1"
version = "0.7.5"
source = "registry+https://github.com/rust-lang/crates.io-index"
checksum = "c8ffb9f10fa047879315e6625af03c164b16962a5368d724ed16323b68ace47f"
dependencies = [
 "der",
 "pkcs8",
 "spki",
]

[[package]]
name = "pkcs8"
version = "0.10.2"
source = "registry+https://github.com/rust-lang/crates.io-index"
checksum = "f950b2377845cebe5cf8b5165cb3cc1a5e0fa5cfa3e1f7f55707d8fd82e0a7b7"
dependencies = [
 "der",
 "spki",
]

[[package]]
name = "pkg-config"
version = "0.3.33"
source = "registry+https://github.com/rust-lang/crates.io-index"
checksum = "19f132c84eca552bf34cab8ec81f1c1dcc229b811638f9d283dceabe58c5569e"

[[package]]
name = "pos2_keygen"
version = "0.1.0"
dependencies = [
 "chia",
 "hex",
]

[[package]]
name = "powerfmt"
version = "0.2.0"
source = "registry+https://github.com/rust-lang/crates.io-index"
checksum = "439ee305def115ba05938db6eb1644ff94165c5ab5e9420d1c1bcedbba909391"

[[package]]
name = "ppv-lite86"
version = "0.2.21"
source = "registry+https://github.com/rust-lang/crates.io-index"
checksum = "85eae3c4ed2f50dcfe72643da4befc30deadb458a9b590d720cde2f2b1e97da9"
dependencies = [
 "zerocopy",
]

[[package]]
name = "primeorder"
version = "0.13.6"
source = "registry+https://github.com/rust-lang/crates.io-index"
checksum = "353e1ca18966c16d9deb1c69278edbc5f194139612772bd9537af60ac231e1e6"
dependencies = [
 "elliptic-curve",
]

[[package]]
name = "proc-macro-crate"
version = "1.3.1"
source = "registry+https://github.com/rust-lang/crates.io-index"
checksum = "7f4c021e1093a56626774e81216a4ce732a735e5bad4868a03f3ed65ca0c3919"
dependencies = [
 "once_cell",
 "toml_edit",
]

[[package]]
name = "proc-macro2"
version = "1.0.106"
source = "registry+https://github.com/rust-lang/crates.io-index"
checksum = "8fd00f0bb2e90d81d1044c2b32617f68fcb9fa3bb7640c23e9c748e53fb30934"
dependencies = [
 "unicode-ident",
]

[[package]]
name = "quote"
version = "1.0.45"
source = "registry+https://github.com/rust-lang/crates.io-index"
checksum = "41f2619966050689382d2b44f664f4bc593e129785a36d6ee376ddf37259b924"
dependencies = [
 "proc-macro2",
]

[[package]]
name = "r-efi"
version = "5.3.0"
source = "registry+https://github.com/rust-lang/crates.io-index"
checksum = "69cdb34c158ceb288df11e18b4bd39de994f6657d83847bdffdbd7f346754b0f"

[[package]]
name = "radium"
version = "0.7.0"
source = "registry+https://github.com/rust-lang/crates.io-index"
checksum = "dc33ff2d4973d518d823d61aa239014831e521c75da58e3df4840d3f47749d09"

[[package]]
name = "rand"
version = "0.8.6"
source = "registry+https://github.com/rust-lang/crates.io-index"
checksum = "5ca0ecfa931c29007047d1bc58e623ab12e5590e8c7cc53200d5202b69266d8a"
dependencies = [
 "libc",
 "rand_chacha 0.3.1",
 "rand_core 0.6.4",
]

[[package]]
name = "rand"
version = "0.9.4"
source = "registry+https://github.com/rust-lang/crates.io-index"
checksum = "44c5af06bb1b7d3216d91932aed5265164bf384dc89cd6ba05cf59a35f5f76ea"
dependencies = [
 "rand_chacha 0.9.0",
 "rand_core 0.9.5",
]

[[package]]
name = "rand_chacha"
version = "0.3.1"
source = "registry+https://github.com/rust-lang/crates.io-index"
checksum = "e6c10a63a0fa32252be49d21e7709d4d4baf8d231c2dbce1eaa8141b9b127d88"
dependencies = [
 "ppv-lite86",
 "rand_core 0.6.4",
]

[[package]]
name = "rand_chacha"
version = "0.9.0"
source = "registry+https://github.com/rust-lang/crates.io-index"
checksum = "d3022b5f1df60f26e1ffddd6c66e8aa15de382ae63b3a0c1bfc0e4d3e3f325cb"
dependencies = [
 "ppv-lite86",
 "rand_core 0.9.5",
]

[[package]]
name = "rand_core"
version = "0.6.4"
source = "registry+https://github.com/rust-lang/crates.io-index"
checksum = "ec0be4795e2f6a28069bec0b5ff3e2ac9bafc99e6a9a7dc3547996c5c816922c"
dependencies = [
 "getrandom 0.2.17",
]

[[package]]
name = "rand_core"
version = "0.9.5"
source = "registry+https://github.com/rust-lang/crates.io-index"
checksum = "76afc826de14238e6e8c374ddcc1fa19e374fd8dd986b0d2af0d02377261d83c"
dependencies = [
 "getrandom 0.3.4",
]

[[package]]
name = "rayon"
version = "1.12.0"
source = "registry+https://github.com/rust-lang/crates.io-index"
checksum = "fb39b166781f92d482534ef4b4b1b2568f42613b53e5b6c160e24cfbfa30926d"
dependencies = [
 "either",
 "rayon-core",
]

[[package]]
name = "rayon-core"
version = "1.13.0"
source = "registry+https://github.com/rust-lang/crates.io-index"
checksum = "22e18b0f0062d30d4230b2e85ff77fdfe4326feb054b9783a3460d8435c8ab91"
dependencies = [
 "crossbeam-deque",
 "crossbeam-utils",
]

[[package]]
name = "rcgen"
version = "0.13.2"
source = "registry+https://github.com/rust-lang/crates.io-index"
checksum = "75e669e5202259b5314d1ea5397316ad400819437857b90861765f24c4cf80a2"
dependencies = [
 "pem",
 "ring",
 "rustls-pki-types",
 "time",
 "x509-parser",
 "yasna",
]

[[package]]
name = "rfc6979"
version = "0.4.0"
source = "registry+https://github.com/rust-lang/crates.io-index"
checksum = "f8dd2a808d456c4a54e300a23e9f5a67e122c3024119acbfd73e3bf664491cb2"
dependencies = [
 "hmac",
 "subtle",
]

[[package]]
name = "ring"
version = "0.17.14"
source = "registry+https://github.com/rust-lang/crates.io-index"
checksum = "a4689e6c2294d81e88dc6261c768b63bc4fcdb852be6d1352498b114f61383b7"
dependencies = [
 "cc",
 "cfg-if",
 "getrandom 0.2.17",
 "libc",
 "untrusted",
 "windows-sys 0.52.0",
]

[[package]]
name = "rsa"
version = "0.9.10"
source = "registry+https://github.com/rust-lang/crates.io-index"
checksum = "b8573f03f5883dcaebdfcf4725caa1ecb9c15b2ef50c43a07b816e06799bb12d"
dependencies = [
 "const-oid",
 "digest",
 "num-bigint-dig",
 "num-integer",
 "num-traits",
 "pkcs1",
 "pkcs8",
 "rand_core 0.6.4",
 "signature",
 "spki",
 "subtle",
 "zeroize",
]

[[package]]
name = "rusticata-macros"
version = "4.1.0"
source = "registry+https://github.com/rust-lang/crates.io-index"
checksum = "faf0c4a6ece9950b9abdb62b1cfcf2a68b3b67a10ba445b3bb85be2a293d0632"
dependencies = [
 "nom",
]

[[package]]
name = "rustls-pki-types"
version = "1.14.0"
source = "registry+https://github.com/rust-lang/crates.io-index"
checksum = "be040f8b0a225e40375822a563fa9524378b9d63112f53e19ffff34df5d33fdd"
dependencies = [
 "zeroize",
]

[[package]]
name = "ryu"
version = "1.0.23"
source = "registry+https://github.com/rust-lang/crates.io-index"
checksum = "9774ba4a74de5f7b1c1451ed6cd5285a32eddb5cccb8cc655a4e50009e06477f"

[[package]]
name = "safe_arch"
version = "1.0.0"
source = "registry+https://github.com/rust-lang/crates.io-index"
checksum = "1f7caad094bd561859bcd467734a720c3c1f5d1f338995351fefe2190c45efed"
dependencies = [
 "bytemuck",
]

[[package]]
name = "sec1"
version = "0.7.3"
source = "registry+https://github.com/rust-lang/crates.io-index"
checksum = "d3e97a565f76233a6003f9f5c54be1d9c5bdfa3eccfb189469f11ec4901c47dc"
dependencies = [
 "base16ct",
 "der",
 "generic-array",
 "pkcs8",
 "subtle",
 "zeroize",
]

[[package]]
name = "serde"
version = "1.0.228"
source = "registry+https://github.com/rust-lang/crates.io-index"
checksum = "9a8e94ea7f378bd32cbbd37198a4a91436180c5bb472411e48b5ec2e2124ae9e"
dependencies = [
 "serde_core",
 "serde_derive",
]

[[package]]
name = "serde-big-array"
version = "0.5.1"
source = "registry+https://github.com/rust-lang/crates.io-index"
checksum = "11fc7cc2c76d73e0f27ee52abbd64eec84d46f370c88371120433196934e4b7f"
dependencies = [
 "serde",
]

[[package]]
name = "serde_arrays"
version = "0.2.0"
source = "registry+https://github.com/rust-lang/crates.io-index"
checksum = "94a16b99c5ea4fe3daccd14853ad260ec00ea043b2708d1fd1da3106dcd8d9df"
dependencies = [
 "serde",
]

[[package]]
name = "serde_core"
version = "1.0.228"
source = "registry+https://github.com/rust-lang/crates.io-index"
checksum = "41d385c7d4ca58e59fc732af25c3983b67ac852c1a25000afe1175de458b67ad"
dependencies = [
 "serde_derive",
]

[[package]]
name = "serde_derive"
version = "1.0.228"
source = "registry+https://github.com/rust-lang/crates.io-index"
checksum = "d540f220d3187173da220f885ab66608367b6574e925011a9353e4badda91d79"
dependencies = [
 "proc-macro2",
 "quote",
 "syn",
]

[[package]]
name = "sha1"
version = "0.10.6"
source = "registry+https://github.com/rust-lang/crates.io-index"
checksum = "e3bf829a2d51ab4a5ddf1352d8470c140cadc8301b2ae1789db023f01cedd6ba"
dependencies = [
 "cfg-if",
 "cpufeatures",
 "digest",
]

[[package]]
name = "sha2"
version = "0.10.9"
source = "registry+https://github.com/rust-lang/crates.io-index"
checksum = "a7507d819769d01a365ab707794a4084392c824f54a7a6a7862f8c3d0892b283"
dependencies = [
 "cfg-if",
 "cpufeatures",
 "digest",
]

[[package]]
name = "sha3"
version = "0.10.8"
source = "registry+https://github.com/rust-lang/crates.io-index"
checksum = "75872d278a8f37ef87fa0ddbda7802605cb18344497949862c0d4dcb291eba60"
dependencies = [
 "digest",
 "keccak",
]

[[package]]
name = "shlex"
version = "1.3.0"
source = "registry+https://github.com/rust-lang/crates.io-index"
checksum = "0fda2ff0d084019ba4d7c6f371c95d8fd75ce3524c3cb8fb653a3023f6323e64"

[[package]]
name = "signature"
version = "2.2.0"
source = "registry+https://github.com/rust-lang/crates.io-index"
checksum = "77549399552de45a898a580c1b41d445bf730df867cc44e6c0233bbc4b8329de"
dependencies = [
 "digest",
 "rand_core 0.6.4",
]

[[package]]
name = "slab"
version = "0.4.12"
source = "registry+https://github.com/rust-lang/crates.io-index"
checksum = "0c790de23124f9ab44544d7ac05d60440adc586479ce501c1d6d7da3cd8c9cf5"

[[package]]
name = "smallvec"
version = "1.15.1"
source = "registry+https://github.com/rust-lang/crates.io-index"
checksum = "67b1b7a3b5fe4f1376887184045fcf45c69e92af734b7aaddc05fb777b6fbd03"

[[package]]
name = "socket2"
version = "0.6.3"
source = "registry+https://github.com/rust-lang/crates.io-index"
checksum = "3a766e1110788c36f4fa1c2b71b387a7815aa65f88ce0229841826633d93723e"
dependencies = [
 "libc",
 "windows-sys 0.61.2",
]

[[package]]
name = "spin"
version = "0.9.8"
source = "registry+https://github.com/rust-lang/crates.io-index"
checksum = "6980e8d7511241f8acf4aebddbb1ff938df5eebe98691418c4468d0b72a96a67"

[[package]]
name = "spki"
version = "0.7.3"
source = "registry+https://github.com/rust-lang/crates.io-index"
checksum = "d91ed6c858b01f942cd56b37a94b3e0a1798290327d1236e4d9cf4eaca44d29d"
dependencies = [
 "base64ct",
 "der",
]

[[package]]
name = "subtle"
version = "2.6.1"
source = "registry+https://github.com/rust-lang/crates.io-index"
checksum = "13c2bddecc57b384dee18652358fb23172facb8a2c51ccc10d74c157bdea3292"

[[package]]
name = "syn"
version = "2.0.117"
source = "registry+https://github.com/rust-lang/crates.io-index"
checksum = "e665b8803e7b1d2a727f4023456bbbbe74da67099c585258af0ad9c5013b9b99"
dependencies = [
 "proc-macro2",
 "quote",
 "unicode-ident",
]

[[package]]
name = "synstructure"
version = "0.13.2"
source = "registry+https://github.com/rust-lang/crates.io-index"
checksum = "728a70f3dbaf5bab7f0c4b1ac8d7ae5ea60a4b5549c8a5914361c99147a709d2"
dependencies = [
 "proc-macro2",
 "quote",
 "syn",
]

[[package]]
name = "tap"
version = "1.0.1"
source = "registry+https://github.com/rust-lang/crates.io-index"
checksum = "55937e1799185b12863d447f42597ed69d9928686b8d88a1df17376a097d8369"

[[package]]
name = "thiserror"
version = "1.0.69"
source = "registry+https://github.com/rust-lang/crates.io-index"
checksum = "b6aaf5339b578ea85b50e080feb250a3e8ae8cfcdff9a461c9ec2904bc923f52"
dependencies = [
 "thiserror-impl 1.0.69",
]

[[package]]
name = "thiserror"
version = "2.0.18"
source = "registry+https://github.com/rust-lang/crates.io-index"
checksum = "4288b5bcbc7920c07a1149a35cf9590a2aa808e0bc1eafaade0b80947865fbc4"
dependencies = [
 "thiserror-impl 2.0.18",
]

[[package]]
name = "thiserror-impl"
version = "1.0.69"
source = "registry+https://github.com/rust-lang/crates.io-index"
checksum = "4fee6c4efc90059e10f81e6d42c60a18f76588c3d74cb83a0b242a2b6c7504c1"
dependencies = [
 "proc-macro2",
 "quote",
 "syn",
]

[[package]]
name = "thiserror-impl"
version = "2.0.18"
source = "registry+https://github.com/rust-lang/crates.io-index"
checksum = "ebc4ee7f67670e9b64d05fa4253e753e016c6c95ff35b89b7941d6b856dec1d5"
dependencies = [
 "proc-macro2",
 "quote",
 "syn",
]

[[package]]
name = "threadpool"
version = "1.8.1"
source = "registry+https://github.com/rust-lang/crates.io-index"
checksum = "d050e60b33d41c19108b32cea32164033a9013fe3b46cbd4457559bfbf77afaa"
dependencies = [
 "num_cpus",
]

[[package]]
name = "time"
version = "0.3.47"
source = "registry+https://github.com/rust-lang/crates.io-index"
checksum = "743bd48c283afc0388f9b8827b976905fb217ad9e647fae3a379a9283c4def2c"
dependencies = [
 "deranged",
 "itoa",
 "num-conv",
 "powerfmt",
 "serde_core",
 "time-core",
 "time-macros",
]

[[package]]
name = "time-core"
version = "0.1.8"
source = "registry+https://github.com/rust-lang/crates.io-index"
checksum = "7694e1cfe791f8d31026952abf09c69ca6f6fa4e1a1229e18988f06a04a12dca"

[[package]]
name = "time-macros"
version = "0.2.27"
source = "registry+https://github.com/rust-lang/crates.io-index"
checksum = "2e70e4c5a0e0a8a4823ad65dfe1a6930e4f4d756dcd9dd7939022b5e8c501215"
dependencies = [
 "num-conv",
 "time-core",
]

[[package]]
name = "tokio"
version = "1.52.1"
source = "registry+https://github.com/rust-lang/crates.io-index"
checksum = "b67dee974fe86fd92cc45b7a95fdd2f99a36a6d7b0d431a231178d3d670bbcc6"
dependencies = [
 "bytes",
 "libc",
 "mio",
 "pin-project-lite",
 "socket2",
 "windows-sys 0.61.2",
]

[[package]]
name = "tokio-tungstenite"
version = "0.28.0"
source = "registry+https://github.com/rust-lang/crates.io-index"
checksum = "d25a406cddcc431a75d3d9afc6a7c0f7428d4891dd973e4d54c56b46127bf857"
dependencies = [
 "futures-util",
 "log",
 "tokio",
 "tungstenite",
]

[[package]]
name = "toml_datetime"
version = "0.6.11"
source = "registry+https://github.com/rust-lang/crates.io-index"
checksum = "22cddaf88f4fbc13c51aebbf5f8eceb5c7c5a9da2ac40a13519eb5b0a0e8f11c"

[[package]]
name = "toml_edit"
version = "0.19.15"
source = "registry+https://github.com/rust-lang/crates.io-index"
checksum = "1b5bb770da30e5cbfde35a2d7b9b8a2c4b8ef89548a7a6aeab5c9a576e3e7421"
dependencies = [
 "indexmap",
 "toml_datetime",
 "winnow",
]

[[package]]
name = "tungstenite"
version = "0.28.0"
source = "registry+https://github.com/rust-lang/crates.io-index"
checksum = "8628dcc84e5a09eb3d8423d6cb682965dea9133204e8fb3efee74c2a0c259442"
dependencies = [
 "bytes",
 "data-encoding",
 "http",
 "httparse",
 "log",
 "rand 0.9.4",
 "sha1",
 "thiserror 2.0.18",
 "utf-8",
]

[[package]]
name = "typenum"
version = "1.19.0"
source = "registry+https://github.com/rust-lang/crates.io-index"
checksum = "562d481066bde0658276a35467c4af00bdc6ee726305698a55b86e61d7ad82bb"

[[package]]
name = "unicode-ident"
version = "1.0.24"
source = "registry+https://github.com/rust-lang/crates.io-index"
checksum = "e6e4313cd5fcd3dad5cafa179702e2b244f760991f45397d14d4ebf38247da75"

[[package]]
name = "untrusted"
version = "0.9.0"
source = "registry+https://github.com/rust-lang/crates.io-index"
checksum = "8ecb6da28b8a351d773b68d5825ac39017e680750f980f3a1a85cd8dd28a47c1"

[[package]]
name = "utf-8"
version = "0.7.6"
source = "registry+https://github.com/rust-lang/crates.io-index"
checksum = "09cc8ee72d2a9becf2f2febe0205bbed8fc6615b7cb429ad062dc7b7ddd036a9"

[[package]]
name = "version_check"
version = "0.9.5"
source = "registry+https://github.com/rust-lang/crates.io-index"
checksum = "0b928f33d975fc6ad9f86c8f283853ad26bdd5b10b7f1542aa2fa15e2289105a"

[[package]]
name = "wasi"
version = "0.11.1+wasi-snapshot-preview1"
source = "registry+https://github.com/rust-lang/crates.io-index"
checksum = "ccf3ec651a847eb01de73ccad15eb7d99f80485de043efb2f370cd654f4ea44b"

[[package]]
name = "wasip2"
version = "1.0.2+wasi-0.2.9"
source = "registry+https://github.com/rust-lang/crates.io-index"
checksum = "9517f9239f02c069db75e65f174b3da828fe5f5b945c4dd26bd25d89c03ebcf5"
dependencies = [
 "wit-bindgen",
]

[[package]]
name = "wide"
version = "1.3.0"
source = "registry+https://github.com/rust-lang/crates.io-index"
checksum = "c9479f84a757f819cfab37295955906479181395de83add28f74975fde083141"
dependencies = [
 "bytemuck",
 "safe_arch",
]

[[package]]
name = "windows-link"
version = "0.2.1"
source = "registry+https://github.com/rust-lang/crates.io-index"
checksum = "f0805222e57f7521d6a62e36fa9163bc891acd422f971defe97d64e70d0a4fe5"

[[package]]
name = "windows-sys"
version = "0.52.0"
source = "registry+https://github.com/rust-lang/crates.io-index"
checksum = "282be5f36a8ce781fad8c8ae18fa3f9beff57ec1b52cb3de0789201425d9a33d"
dependencies = [
 "windows-targets",
]

[[package]]
name = "windows-sys"
version = "0.61.2"
source = "registry+https://github.com/rust-lang/crates.io-index"
checksum = "ae137229bcbd6cdf0f7b80a31df61766145077ddf49416a728b02cb3921ff3fc"
dependencies = [
 "windows-link",
]

[[package]]
name = "windows-targets"
version = "0.52.6"
source = "registry+https://github.com/rust-lang/crates.io-index"
checksum = "9b724f72796e036ab90c1021d4780d4d3d648aca59e491e6b98e725b84e99973"
dependencies = [
 "windows_aarch64_gnullvm",
 "windows_aarch64_msvc",
 "windows_i686_gnu",
 "windows_i686_gnullvm",
 "windows_i686_msvc",
 "windows_x86_64_gnu",
 "windows_x86_64_gnullvm",
 "windows_x86_64_msvc",
]

[[package]]
name = "windows_aarch64_gnullvm"
version = "0.52.6"
source = "registry+https://github.com/rust-lang/crates.io-index"
checksum = "32a4622180e7a0ec044bb555404c800bc9fd9ec262ec147edd5989ccd0c02cd3"

[[package]]
name = "windows_aarch64_msvc"
version = "0.52.6"
source = "registry+https://github.com/rust-lang/crates.io-index"
checksum = "09ec2a7bb152e2252b53fa7803150007879548bc709c039df7627cabbd05d469"

[[package]]
name = "windows_i686_gnu"
version = "0.52.6"
source = "registry+https://github.com/rust-lang/crates.io-index"
checksum = "8e9b5ad5ab802e97eb8e295ac6720e509ee4c243f69d781394014ebfe8bbfa0b"

[[package]]
name = "windows_i686_gnullvm"
version = "0.52.6"
source = "registry+https://github.com/rust-lang/crates.io-index"
checksum = "0eee52d38c090b3caa76c563b86c3a4bd71ef1a819287c19d586d7334ae8ed66"

[[package]]
name = "windows_i686_msvc"
version = "0.52.6"
source = "registry+https://github.com/rust-lang/crates.io-index"
checksum = "240948bc05c5e7c6dabba28bf89d89ffce3e303022809e73deaefe4f6ec56c66"

[[package]]
name = "windows_x86_64_gnu"
version = "0.52.6"
source = "registry+https://github.com/rust-lang/crates.io-index"
checksum = "147a5c80aabfbf0c7d901cb5895d1de30ef2907eb21fbbab29ca94c5b08b1a78"

[[package]]
name = "windows_x86_64_gnullvm"
version = "0.52.6"
source = "registry+https://github.com/rust-lang/crates.io-index"
checksum = "24d5b23dc417412679681396f2b49f3de8c1473deb516bd34410872eff51ed0d"

[[package]]
name = "windows_x86_64_msvc"
version = "0.52.6"
source = "registry+https://github.com/rust-lang/crates.io-index"
checksum = "589f6da84c646204747d1270a2a5661ea66ed1cced2631d546fdfb155959f9ec"

[[package]]
name = "winnow"
version = "0.5.40"
source = "registry+https://github.com/rust-lang/crates.io-index"
checksum = "f593a95398737aeed53e489c785df13f3618e41dbcd6718c6addbf1395aa6876"
dependencies = [
 "memchr",
]

[[package]]
name = "wit-bindgen"
version = "0.51.0"
source = "registry+https://github.com/rust-lang/crates.io-index"
checksum = "d7249219f66ced02969388cf2bb044a09756a083d0fab1e566056b04d9fbcaa5"

[[package]]
name = "wyz"
version = "0.5.1"
source = "registry+https://github.com/rust-lang/crates.io-index"
checksum = "05f360fc0b24296329c78fda852a1e9ae82de9cf7b27dae4b7f62f118f77b9ed"
dependencies = [
 "tap",
]

[[package]]
name = "x509-parser"
version = "0.16.0"
source = "registry+https://github.com/rust-lang/crates.io-index"
checksum = "fcbc162f30700d6f3f82a24bf7cc62ffe7caea42c0b2cba8bf7f3ae50cf51f69"
dependencies = [
 "asn1-rs",
 "data-encoding",
 "der-parser",
 "lazy_static",
 "nom",
 "oid-registry",
 "ring",
 "rusticata-macros",
 "thiserror 1.0.69",
 "time",
]

[[package]]
name = "yasna"
version = "0.5.2"
source = "registry+https://github.com/rust-lang/crates.io-index"
checksum = "e17bb3549cc1321ae1296b9cdc2698e2b6cb1992adfa19a8c72e5b7a738f44cd"
dependencies = [
 "time",
]

[[package]]
name = "zerocopy"
version = "0.8.48"
source = "registry+https://github.com/rust-lang/crates.io-index"
checksum = "eed437bf9d6692032087e337407a86f04cd8d6a16a37199ed57949d415bd68e9"
dependencies = [
 "zerocopy-derive",
]

[[package]]
name = "zerocopy-derive"
version = "0.8.48"
source = "registry+https://github.com/rust-lang/crates.io-index"
checksum = "70e3cd084b1788766f53af483dd21f93881ff30d7320490ec3ef7526d203bad4"
dependencies = [
 "proc-macro2",
 "quote",
 "syn",
]

[[package]]
name = "zeroize"
version = "1.8.2"
source = "registry+https://github.com/rust-lang/crates.io-index"
checksum = "b97154e67e32c85465826e8bcc1c59429aaaf107c1e4a9e53c8d8ccd5eff88d0"
dependencies = [
 "zeroize_derive",
]

[[package]]
name = "zeroize_derive"
version = "1.4.3"
source = "registry+https://github.com/rust-lang/crates.io-index"
checksum = "85a5b4158499876c763cb03bc4e49185d3cccbabb15b33c627f7884f43db852e"
dependencies = [
 "proc-macro2",
 "quote",
 "syn",
]

[[package]]
name = "zstd"
version = "0.13.3"
source = "registry+https://github.com/rust-lang/crates.io-index"
checksum = "e91ee311a569c327171651566e07972200e76fcfe2242a4fa446149a3881c08a"
dependencies = [
 "zstd-safe",
]

[[package]]
name = "zstd-safe"
version = "7.2.4"
source = "registry+https://github.com/rust-lang/crates.io-index"
checksum = "8f49c4d5f0abb602a93fb8736af2a4f4dd9512e36f7f570d66e65ff867ed3b9d"
dependencies = [
 "zstd-sys",
]

[[package]]
name = "zstd-sys"
version = "2.0.16+zstd.1.5.7"
source = "registry+https://github.com/rust-lang/crates.io-index"
checksum = "91e19ebc2adc8f83e43039e79776e3fda8ca919132d68a1fed6a5faca2683748"
dependencies = [
 "cc",
 "pkg-config",
]
